<?xml version="1.0" encoding="utf-8"?>
<Project ToolsVersion="4.0" xmlns="http://schemas.microsoft.com/developer/msbuild/2003">
  <ItemGroup>
    <ClCompile Include="..\..\src\geohash.c" />
    <ClCompile Include="..\..\src\geohash_helper.c" />
  </ItemGroup>
  <ItemGroup>
    <ClInclude Include="..\..\src\geohash.h" />
    <ClInclude Include="..\..\src\geohash_helper.h" />
  </ItemGroup>
</Project>
